
Microsoft Visual Studio Solution File, Format Version 11.00
# Visual Studio 2010
Project("{FAE04EC0-301F-11D3-BF4B-00C04F79EFBC}") = "(local) Galera - DevFest UA TEST", "Assembly-CSharp.csproj", "{162B83AC-D58F-9858-D8A4-6D4B7E47CF69}"
EndProject
Project("{FAE04EC0-301F-11D3-BF4B-00C04F79EFBC}") = "(local) Galera - DevFest UA TEST", "Assembly-CSharp-firstpass.csproj", "{90F930F0-2D56-67E6-C5FC-3192684F0997}"
EndProject
Global
	GlobalSection(SolutionConfigurationPlatforms) = preSolution
		Debug|Any CPU = Debug|Any CPU
		Release|Any CPU = Release|Any CPU
	EndGlobalSection
	GlobalSection(ProjectConfigurationPlatforms) = postSolution
		{162B83AC-D58F-9858-D8A4-6D4B7E47CF69}.Debug|Any CPU.ActiveCfg = Debug|Any CPU
		{162B83AC-D58F-9858-D8A4-6D4B7E47CF69}.Debug|Any CPU.Build.0 = Debug|Any CPU
		{162B83AC-D58F-9858-D8A4-6D4B7E47CF69}.Release|Any CPU.ActiveCfg = Release|Any CPU
		{162B83AC-D58F-9858-D8A4-6D4B7E47CF69}.Release|Any CPU.Build.0 = Release|Any CPU
		{90F930F0-2D56-67E6-C5FC-3192684F0997}.Debug|Any CPU.ActiveCfg = Debug|Any CPU
		{90F930F0-2D56-67E6-C5FC-3192684F0997}.Debug|Any CPU.Build.0 = Debug|Any CPU
		{90F930F0-2D56-67E6-C5FC-3192684F0997}.Release|Any CPU.ActiveCfg = Release|Any CPU
		{90F930F0-2D56-67E6-C5FC-3192684F0997}.Release|Any CPU.Build.0 = Release|Any CPU
	EndGlobalSection
	GlobalSection(SolutionProperties) = preSolution
		HideSolutionNode = FALSE
	EndGlobalSection
	GlobalSection(MonoDevelopProperties) = preSolution
		StartupItem = Assembly-CSharp.csproj
	EndGlobalSection
EndGlobal
